PODS:
  - AppDevKit (1.2.2):
    - AppDevKit/AppDevAnimateKit (= 1.2.2)
    - AppDevKit/AppDevCameraKit (= 1.2.2)
    - AppDevKit/AppDevCommonKit (= 1.2.2)
    - AppDevKit/AppDevImageKit (= 1.2.2)
    - AppDevKit/AppDevListViewKit (= 1.2.2)
    - AppDevKit/AppDevUIKit (= 1.2.2)
  - AppDevKit/AppDevAnimateKit (1.2.2)
  - AppDevKit/AppDevCameraKit (1.2.2)
  - AppDevKit/AppDevCommonKit (1.2.2)
  - AppDevKit/AppDevImageKit (1.2.2):
    - AppDevKit/AppDevCommonKit
  - AppDevKit/AppDevListViewKit (1.2.2):
    - AppDevKit/AppDevCommonKit
    - AppDevKit/AppDevUIKit
  - AppDevKit/AppDevUIKit (1.2.2):
    - AppDevKit/AppDevCommonKit

DEPENDENCIES:
  - AppDevKit

SPEC CHECKSUMS:
  AppDevKit: 170bb0f9a8decac6b953f5d14411165d0b0d77ca

PODFILE CHECKSUM: b88dad614c46c12e982a53a9213ec416b42b1686

COCOAPODS: 1.3.1
